
Microsoft Visual Studio Solution File, Format Version 12.00
# Visual Studio Version 17
VisualStudioVersion = 17.5.002.0
MinimumVisualStudioVersion = 10.0.40219.1
Project("{2150E333-8FDC-42A3-9474-1A3956D46DE8}") = "src", "src", "{11F07A82-20F5-4C10-8B88-93A683A47F0D}"
EndProject
Project("{9A19103F-16F7-4668-BE54-9A1E7A4F7556}") = "Chrysalis", "src\Chrysalis\Chrysalis.csproj", "{59CEEE6D-F821-4967-BAEC-6122E75170A5}"
EndProject
Project("{9A19103F-16F7-4668-BE54-9A1E7A4F7556}") = "Chrysalis.Test", "src\Chrysalis.Test\Chrysalis.Test.csproj", "{F6FBE714-F705-4198-B888-C9603B40D0EB}"
EndProject
Global
	GlobalSection(SolutionConfigurationPlatforms) = preSolution
		Debug|Any CPU = Debug|Any CPU
		Release|Any CPU = Release|Any CPU
	EndGlobalSection
	GlobalSection(ProjectConfigurationPlatforms) = postSolution
		{59CEEE6D-F821-4967-BAEC-6122E75170A5}.Debug|Any CPU.ActiveCfg = Debug|Any CPU
		{59CEEE6D-F821-4967-BAEC-6122E75170A5}.Debug|Any CPU.Build.0 = Debug|Any CPU
		{59CEEE6D-F821-4967-BAEC-6122E75170A5}.Release|Any CPU.ActiveCfg = Release|Any CPU
		{59CEEE6D-F821-4967-BAEC-6122E75170A5}.Release|Any CPU.Build.0 = Release|Any CPU
		{F6FBE714-F705-4198-B888-C9603B40D0EB}.Debug|Any CPU.ActiveCfg = Debug|Any CPU
		{F6FBE714-F705-4198-B888-C9603B40D0EB}.Debug|Any CPU.Build.0 = Debug|Any CPU
		{F6FBE714-F705-4198-B888-C9603B40D0EB}.Release|Any CPU.ActiveCfg = Release|Any CPU
		{F6FBE714-F705-4198-B888-C9603B40D0EB}.Release|Any CPU.Build.0 = Release|Any CPU
	EndGlobalSection
	GlobalSection(SolutionProperties) = preSolution
		HideSolutionNode = FALSE
	EndGlobalSection
	GlobalSection(NestedProjects) = preSolution
		{59CEEE6D-F821-4967-BAEC-6122E75170A5} = {11F07A82-20F5-4C10-8B88-93A683A47F0D}
		{F6FBE714-F705-4198-B888-C9603B40D0EB} = {11F07A82-20F5-4C10-8B88-93A683A47F0D}
	EndGlobalSection
	GlobalSection(ExtensibilityGlobals) = postSolution
		SolutionGuid = {FE86E409-0486-4282-B363-AB88B621356C}
	EndGlobalSection
EndGlobal
